
Microsoft Visual Studio Solution File, Format Version 12.00
# Visual Studio Version 17
VisualStudioVersion = 17.0.31808.319
MinimumVisualStudioVersion = 10.0.40219.1
Project("{F184B08F-C81C-45F6-A57F-5ABD9991F28F}") = "FormsApp", "FormsApp\FormsApp.vbproj", "{9E5BE598-1678-461F-AD70-9347972E3DBB}"
EndProject
Global
	GlobalSection(SolutionConfigurationPlatforms) = preSolution
		Debug|Any CPU = Debug|Any CPU
		Release|Any CPU = Release|Any CPU
	EndGlobalSection
	GlobalSection(ProjectConfigurationPlatforms) = postSolution
		{9E5BE598-1678-461F-AD70-9347972E3DBB}.Debug|Any CPU.ActiveCfg = Debug|Any CPU
		{9E5BE598-1678-461F-AD70-9347972E3DBB}.Debug|Any CPU.Build.0 = Debug|Any CPU
		{9E5BE598-1678-461F-AD70-9347972E3DBB}.Release|Any CPU.ActiveCfg = Release|Any CPU
		{9E5BE598-1678-461F-AD70-9347972E3DBB}.Release|Any CPU.Build.0 = Release|Any CPU
	EndGlobalSection
	GlobalSection(SolutionProperties) = preSolution
		HideSolutionNode = FALSE
	EndGlobalSection
	GlobalSection(ExtensibilityGlobals) = postSolution
		SolutionGuid = {4C3B952E-DE6C-4B6C-BE5E-114C480CC9A3}
	EndGlobalSection
EndGlobal
